
Microsoft Visual Studio Solution File, Format Version 12.00
# Visual Studio Version 17
VisualStudioVersion = 17.7.34031.279
MinimumVisualStudioVersion = 10.0.40219.1
Project("{FAE04EC0-301F-11D3-BF4B-00C04F79EFBC}") = "Takeshi", "Test\Takeshi.csproj", "{B10F90D9-5BE0-4355-A040-6E8A44E1A3E2}"
EndProject
Global
	GlobalSection(SolutionConfigurationPlatforms) = preSolution
		Debug|Any CPU = Debug|Any CPU
		Release|Any CPU = Release|Any CPU
	EndGlobalSection
	GlobalSection(ProjectConfigurationPlatforms) = postSolution
		{B10F90D9-5BE0-4355-A040-6E8A44E1A3E2}.Debug|Any CPU.ActiveCfg = Debug|Any CPU
		{B10F90D9-5BE0-4355-A040-6E8A44E1A3E2}.Debug|Any CPU.Build.0 = Debug|Any CPU
		{B10F90D9-5BE0-4355-A040-6E8A44E1A3E2}.Release|Any CPU.ActiveCfg = Release|Any CPU
		{B10F90D9-5BE0-4355-A040-6E8A44E1A3E2}.Release|Any CPU.Build.0 = Release|Any CPU
	EndGlobalSection
	GlobalSection(SolutionProperties) = preSolution
		HideSolutionNode = FALSE
	EndGlobalSection
	GlobalSection(ExtensibilityGlobals) = postSolution
		SolutionGuid = {2A8DEE42-C183-4E40-801E-5CCDEA0A7AEE}
	EndGlobalSection
EndGlobal
